
Microsoft Visual Studio Solution File, Format Version 12.00
# Visual Studio Version 17
VisualStudioVersion = 17.7.34024.191
MinimumVisualStudioVersion = 10.0.40219.1
Project("{FAE04EC0-301F-11D3-BF4B-00C04F79EFBC}") = "selenium_training", "selenium_training\selenium_training.csproj", "{1611ADDA-FF5C-4CA2-B573-6380D5602B2F}"
EndProject
Project("{FAE04EC0-301F-11D3-BF4B-00C04F79EFBC}") = "selenium_training.tests", "selenium_training.tests\selenium_training.tests.csproj", "{670B6F99-0210-403D-8085-0C5E4F37D433}"
EndProject
Global
	GlobalSection(SolutionConfigurationPlatforms) = preSolution
		Debug|Any CPU = Debug|Any CPU
		Release|Any CPU = Release|Any CPU
	EndGlobalSection
	GlobalSection(ProjectConfigurationPlatforms) = postSolution
		{1611ADDA-FF5C-4CA2-B573-6380D5602B2F}.Debug|Any CPU.ActiveCfg = Debug|Any CPU
		{1611ADDA-FF5C-4CA2-B573-6380D5602B2F}.Debug|Any CPU.Build.0 = Debug|Any CPU
		{1611ADDA-FF5C-4CA2-B573-6380D5602B2F}.Release|Any CPU.ActiveCfg = Release|Any CPU
		{1611ADDA-FF5C-4CA2-B573-6380D5602B2F}.Release|Any CPU.Build.0 = Release|Any CPU
		{670B6F99-0210-403D-8085-0C5E4F37D433}.Debug|Any CPU.ActiveCfg = Debug|Any CPU
		{670B6F99-0210-403D-8085-0C5E4F37D433}.Debug|Any CPU.Build.0 = Debug|Any CPU
		{670B6F99-0210-403D-8085-0C5E4F37D433}.Release|Any CPU.ActiveCfg = Release|Any CPU
		{670B6F99-0210-403D-8085-0C5E4F37D433}.Release|Any CPU.Build.0 = Release|Any CPU
	EndGlobalSection
	GlobalSection(SolutionProperties) = preSolution
		HideSolutionNode = FALSE
	EndGlobalSection
	GlobalSection(ExtensibilityGlobals) = postSolution
		SolutionGuid = {BFA1765E-8696-4004-93AC-081F0A3D2027}
	EndGlobalSection
EndGlobal
